
Microsoft Visual Studio Solution File, Format Version 12.00
# Visual Studio Version 16
VisualStudioVersion = 16.0.29102.190
MinimumVisualStudioVersion = 10.0.40219.1
Project("{FAE04EC0-301F-11D3-BF4B-00C04F79EFBC}") = "restful1", "restful\restful1.csproj", "{1C1CD7BC-2EC9-4BEE-AF96-47A531D62FC5}"
EndProject
Global
	GlobalSection(SolutionConfigurationPlatforms) = preSolution
		Debug|Any CPU = Debug|Any CPU
		Release|Any CPU = Release|Any CPU
	EndGlobalSection
	GlobalSection(ProjectConfigurationPlatforms) = postSolution
		{1C1CD7BC-2EC9-4BEE-AF96-47A531D62FC5}.Debug|Any CPU.ActiveCfg = Debug|Any CPU
		{1C1CD7BC-2EC9-4BEE-AF96-47A531D62FC5}.Debug|Any CPU.Build.0 = Debug|Any CPU
		{1C1CD7BC-2EC9-4BEE-AF96-47A531D62FC5}.Release|Any CPU.ActiveCfg = Release|Any CPU
		{1C1CD7BC-2EC9-4BEE-AF96-47A531D62FC5}.Release|Any CPU.Build.0 = Release|Any CPU
	EndGlobalSection
	GlobalSection(SolutionProperties) = preSolution
		HideSolutionNode = FALSE
	EndGlobalSection
	GlobalSection(ExtensibilityGlobals) = postSolution
		SolutionGuid = {01BA3438-819A-4859-8878-43EF15D78BF2}
	EndGlobalSection
EndGlobal
